github.com/fumin/diffeq v0.0.0-20251016135217-f3c146fcaba4 h1:SgHWwtiL1rw9+8UKXTA1hTdroRJ/62272f41S3iosRY=
github.com/fumin/diffeq v0.0.0-20251016135217-f3c146fcaba4/go.mod h1:iSlGP3I2NWFfUroRmPs/fD5god0CiUAjqYWrWNt0fBM=
github.com/fumin/tensor v0.0.0-20251023104438-dcd718bdbc09 h1:kjBWthSrKbRa9s4HvkKJqtL0vrR+EXSkzwvsRLCqjZc=
github.com/fumin/tensor v0.0.0-20251023104438-dcd718bdbc09/go.mod h1:kPIu4TDISF+RWs6FGoBG5pDAXXPMAAuIt6sw/8rvRA4=
github.com/pkg/errors v0.9.1 h1:FEBLx1zS214owpjy7qsBeixbURkuhQAwrK5UwLGTwt4=
github.com/pkg/errors v0.9.1/go.mod h1:bwawxfHBFNV+L2hUp1rHADufV3IMtnDRdf1r5NINEl0=
gonum.org/v1/gonum v0.15.1 h1:FNy7N6OUZVUaWG9pTiD+jlhdQ3lMP+/LcTpJ6+a8sQ0=
gonum.org/v1/gonum v0.15.1/go.mod h1:eZTZuRFrzu5pcyjN5wJhcIhnUdNijYxX1T2IcrOGY0o=
